
Microsoft Visual Studio Solution File, Format Version 12.00
# Visual Studio Version 16
VisualStudioVersion = 16.0.31019.35
MinimumVisualStudioVersion = 10.0.40219.1
Project("{FAE04EC0-301F-11D3-BF4B-00C04F79EFBC}") = "Exercicio-233", "Exercicio-233\Exercicio-233.csproj", "{1C30BD31-FDB7-44E0-A5EE-1989D7EEA37A}"
EndProject
Global
	GlobalSection(SolutionConfigurationPlatforms) = preSolution
		Debug|Any CPU = Debug|Any CPU
		Release|Any CPU = Release|Any CPU
	EndGlobalSection
	GlobalSection(ProjectConfigurationPlatforms) = postSolution
		{1C30BD31-FDB7-44E0-A5EE-1989D7EEA37A}.Debug|Any CPU.ActiveCfg = Debug|Any CPU
		{1C30BD31-FDB7-44E0-A5EE-1989D7EEA37A}.Debug|Any CPU.Build.0 = Debug|Any CPU
		{1C30BD31-FDB7-44E0-A5EE-1989D7EEA37A}.Release|Any CPU.ActiveCfg = Release|Any CPU
		{1C30BD31-FDB7-44E0-A5EE-1989D7EEA37A}.Release|Any CPU.Build.0 = Release|Any CPU
	EndGlobalSection
	GlobalSection(SolutionProperties) = preSolution
		HideSolutionNode = FALSE
	EndGlobalSection
	GlobalSection(ExtensibilityGlobals) = postSolution
		SolutionGuid = {8A1A1C14-E8DD-4355-9F75-053F4066B771}
	EndGlobalSection
EndGlobal
