
Microsoft Visual Studio Solution File, Format Version 12.00
# Visual Studio Version 16
VisualStudioVersion = 16.0.31019.35
MinimumVisualStudioVersion = 10.0.40219.1
Project("{FAE04EC0-301F-11D3-BF4B-00C04F79EFBC}") = "Exercicio-131", "Exercicio-131\Exercicio-131.csproj", "{56F8999A-FD11-4552-9DB6-E1360BACC2B3}"
EndProject
Global
	GlobalSection(SolutionConfigurationPlatforms) = preSolution
		Debug|Any CPU = Debug|Any CPU
		Release|Any CPU = Release|Any CPU
	EndGlobalSection
	GlobalSection(ProjectConfigurationPlatforms) = postSolution
		{56F8999A-FD11-4552-9DB6-E1360BACC2B3}.Debug|Any CPU.ActiveCfg = Debug|Any CPU
		{56F8999A-FD11-4552-9DB6-E1360BACC2B3}.Debug|Any CPU.Build.0 = Debug|Any CPU
		{56F8999A-FD11-4552-9DB6-E1360BACC2B3}.Release|Any CPU.ActiveCfg = Release|Any CPU
		{56F8999A-FD11-4552-9DB6-E1360BACC2B3}.Release|Any CPU.Build.0 = Release|Any CPU
	EndGlobalSection
	GlobalSection(SolutionProperties) = preSolution
		HideSolutionNode = FALSE
	EndGlobalSection
	GlobalSection(ExtensibilityGlobals) = postSolution
		SolutionGuid = {C0B1E5E7-B0E5-4A14-BE2E-2C179C1B9090}
	EndGlobalSection
EndGlobal
