
Microsoft Visual Studio Solution File, Format Version 12.00
# Visual Studio Version 16
VisualStudioVersion = 16.0.31019.35
MinimumVisualStudioVersion = 10.0.40219.1
Project("{FAE04EC0-301F-11D3-BF4B-00C04F79EFBC}") = "Exercicio-192", "Exercicio-192\Exercicio-192.csproj", "{33B7DEB2-49FF-4610-B70D-EBB56646C214}"
EndProject
Global
	GlobalSection(SolutionConfigurationPlatforms) = preSolution
		Debug|Any CPU = Debug|Any CPU
		Release|Any CPU = Release|Any CPU
	EndGlobalSection
	GlobalSection(ProjectConfigurationPlatforms) = postSolution
		{33B7DEB2-49FF-4610-B70D-EBB56646C214}.Debug|Any CPU.ActiveCfg = Debug|Any CPU
		{33B7DEB2-49FF-4610-B70D-EBB56646C214}.Debug|Any CPU.Build.0 = Debug|Any CPU
		{33B7DEB2-49FF-4610-B70D-EBB56646C214}.Release|Any CPU.ActiveCfg = Release|Any CPU
		{33B7DEB2-49FF-4610-B70D-EBB56646C214}.Release|Any CPU.Build.0 = Release|Any CPU
	EndGlobalSection
	GlobalSection(SolutionProperties) = preSolution
		HideSolutionNode = FALSE
	EndGlobalSection
	GlobalSection(ExtensibilityGlobals) = postSolution
		SolutionGuid = {75ACE18A-99F0-47FF-8FD2-84F14B2A4EE6}
	EndGlobalSection
EndGlobal
