
Microsoft Visual Studio Solution File, Format Version 12.00
# Visual Studio Version 16
VisualStudioVersion = 16.0.31019.35
MinimumVisualStudioVersion = 10.0.40219.1
Project("{FAE04EC0-301F-11D3-BF4B-00C04F79EFBC}") = "Exercicio-136", "Exercicio-136\Exercicio-136.csproj", "{320D2B69-AC0D-4AED-B063-608CA48CA034}"
EndProject
Global
	GlobalSection(SolutionConfigurationPlatforms) = preSolution
		Debug|Any CPU = Debug|Any CPU
		Release|Any CPU = Release|Any CPU
	EndGlobalSection
	GlobalSection(ProjectConfigurationPlatforms) = postSolution
		{320D2B69-AC0D-4AED-B063-608CA48CA034}.Debug|Any CPU.ActiveCfg = Debug|Any CPU
		{320D2B69-AC0D-4AED-B063-608CA48CA034}.Debug|Any CPU.Build.0 = Debug|Any CPU
		{320D2B69-AC0D-4AED-B063-608CA48CA034}.Release|Any CPU.ActiveCfg = Release|Any CPU
		{320D2B69-AC0D-4AED-B063-608CA48CA034}.Release|Any CPU.Build.0 = Release|Any CPU
	EndGlobalSection
	GlobalSection(SolutionProperties) = preSolution
		HideSolutionNode = FALSE
	EndGlobalSection
	GlobalSection(ExtensibilityGlobals) = postSolution
		SolutionGuid = {999168D9-BAEE-4D8B-B93B-5ACBC57218A5}
	EndGlobalSection
EndGlobal
